// !$*UTF8*$!
{
	archiveVersion = 1;
	classes = {
	};
	objectVersion = 48;
	objects = {

/* Begin PBXBuildFile section */
		090220D51F9EE50200FFDFC6 /* AppDelegate.m in Sources */ = {isa = PBXBuildFile; fileRef = 090220D41F9EE50200FFDFC6 /* AppDelegate.m */; };
		090220D81F9EE50200FFDFC6 /* ViewController.m in Sources */ = {isa = PBXBuildFile; fileRef = 090220D71F9EE50200FFDFC6 /* ViewController.m */; };
		090220DB1F9EE50200FFDFC6 /* Main.storyboard in Resources */ = {isa = PBXBuildFile; fileRef = 090220D91F9EE50200FFDFC6 /* Main.storyboard */; };
		090220DD1F9EE50200FFDFC6 /* Assets.xcassets in Resources */ = {isa = PBXBuildFile; fileRef = 090220DC1F9EE50200FFDFC6 /* Assets.xcassets */; };
		090220E01F9EE50200FFDFC6 /* LaunchScreen.storyboard in Resources */ = {isa = PBXBuildFile; fileRef = 090220DE1F9EE50200FFDFC6 /* LaunchScreen.storyboard */; };
		090220E31F9EE50200FFDFC6 /* main.m in Sources */ = {isa = PBXBuildFile; fileRef = 090220E21F9EE50200FFDFC6 /* main.m */; };
		090220ED1F9EE50200FFDFC6 /* HVTableViewDemoTests.m in Sources */ = {isa = PBXBuildFile; fileRef = 090220EC1F9EE50200FFDFC6 /* HVTableViewDemoTests.m */; };
		090220F81F9EE50200FFDFC6 /* HVTableViewDemoUITests.m in Sources */ = {isa = PBXBuildFile; fileRef = 090220F71F9EE50200FFDFC6 /* HVTableViewDemoUITests.m */; };
		090221081F9EE75E00FFDFC6 /* TWHVTableView.m in Sources */ = {isa = PBXBuildFile; fileRef = 090221071F9EE75E00FFDFC6 /* TWHVTableView.m */; };
		090221441F9F420B00FFDFC6 /* TWLeftHeadView.xib in Resources */ = {isa = PBXBuildFile; fileRef = 090221431F9F420B00FFDFC6 /* TWLeftHeadView.xib */; };
		090221461F9F42A400FFDFC6 /* TWRightHeadView.xib in Resources */ = {isa = PBXBuildFile; fileRef = 090221451F9F42A400FFDFC6 /* TWRightHeadView.xib */; };
		0902214D1F9F435500FFDFC6 /* TWLeftTableViewCell.m in Sources */ = {isa = PBXBuildFile; fileRef = 0902214B1F9F435500FFDFC6 /* TWLeftTableViewCell.m */; };
		0902214E1F9F435500FFDFC6 /* TWLeftTableViewCell.xib in Resources */ = {isa = PBXBuildFile; fileRef = 0902214C1F9F435500FFDFC6 /* TWLeftTableViewCell.xib */; };
		090221521F9F43FD00FFDFC6 /* TWRightTableViewCell.m in Sources */ = {isa = PBXBuildFile; fileRef = 090221501F9F43FD00FFDFC6 /* TWRightTableViewCell.m */; };
		090221531F9F43FD00FFDFC6 /* TWRightTableViewCell.xib in Resources */ = {isa = PBXBuildFile; fileRef = 090221511F9F43FD00FFDFC6 /* TWRightTableViewCell.xib */; };
/* End PBXBuildFile section */

/* Begin PBXContainerItemProxy section */
		090220E91F9EE50200FFDFC6 /* PBXContainerItemProxy */ = {
			isa = PBXContainerItemProxy;
			containerPortal = 090220C81F9EE50200FFDFC6 /* Project object */;
			proxyType = 1;
			remoteGlobalIDString = 090220CF1F9EE50200FFDFC6;
			remoteInfo = HVTableViewDemo;
		};
		090220F41F9EE50200FFDFC6 /* PBXContainerItemProxy */ = {
			isa = PBXContainerItemProxy;
			containerPortal = 090220C81F9EE50200FFDFC6 /* Project object */;
			proxyType = 1;
			remoteGlobalIDString = 090220CF1F9EE50200FFDFC6;
			remoteInfo = HVTableViewDemo;
		};
/* End PBXContainerItemProxy section */

/* Begin PBXFileReference section */
		090220D01F9EE50200FFDFC6 /* HVTableViewDemo.app */ = {isa = PBXFileReference; explicitFileType = wrapper.application; includeInIndex = 0; path = HVTableViewDemo.app; sourceTree = BUILT_PRODUCTS_DIR; };
		090220D31F9EE50200FFDFC6 /* AppDelegate.h */ = {isa = PBXFileReference; lastKnownFileType = sourcecode.c.h; path = AppDelegate.h; sourceTree = "<group>"; };
		090220D41F9EE50200FFDFC6 /* AppDelegate.m */ = {isa = PBXFileReference; lastKnownFileType = sourcecode.c.objc; path = AppDelegate.m; sourceTree = "<group>"; };
		090220D61F9EE50200FFDFC6 /* ViewController.h */ = {isa = PBXFileReference; lastKnownFileType = sourcecode.c.h; path = ViewController.h; sourceTree = "<group>"; };
		090220D71F9EE50200FFDFC6 /* ViewController.m */ = {isa = PBXFileReference; lastKnownFileType = sourcecode.c.objc; path = ViewController.m; sourceTree = "<group>"; };
		090220DA1F9EE50200FFDFC6 /* Base */ = {isa = PBXFileReference; lastKnownFileType = file.storyboard; name = Base; path = Base.lproj/Main.storyboard; sourceTree = "<group>"; };
		090220DC1F9EE50200FFDFC6 /* Assets.xcassets */ = {isa = PBXFileReference; lastKnownFileType = folder.assetcatalog; path = Assets.xcassets; sourceTree = "<group>"; };
		090220DF1F9EE50200FFDFC6 /* Base */ = {isa = PBXFileReference; lastKnownFileType = file.storyboard; name = Base; path = Base.lproj/LaunchScreen.storyboard; sourceTree = "<group>"; };
		090220E11F9EE50200FFDFC6 /* Info.plist */ = {isa = PBXFileReference; lastKnownFileType = text.plist.xml; path = Info.plist; sourceTree = "<group>"; };
		090220E21F9EE50200FFDFC6 /* main.m */ = {isa = PBXFileReference; lastKnownFileType = sourcecode.c.objc; path = main.m; sourceTree = "<group>"; };
		090220E81F9EE50200FFDFC6 /* HVTableViewDemoTests.xctest */ = {isa = PBXFileReference; explicitFileType = wrapper.cfbundle; includeInIndex = 0; path = HVTableViewDemoTests.xctest; sourceTree = BUILT_PRODUCTS_DIR; };
		090220EC1F9EE50200FFDFC6 /* HVTableViewDemoTests.m */ = {isa = PBXFileReference; lastKnownFileType = sourcecode.c.objc; path = HVTableViewDemoTests.m; sourceTree = "<group>"; };
		090220EE1F9EE50200FFDFC6 /* Info.plist */ = {isa = PBXFileReference; lastKnownFileType = text.plist.xml; path = Info.plist; sourceTree = "<group>"; };
		090220F31F9EE50200FFDFC6 /* HVTableViewDemoUITests.xctest */ = {isa = PBXFileReference; explicitFileType = wrapper.cfbundle; includeInIndex = 0; path = HVTableViewDemoUITests.xctest; sourceTree = BUILT_PRODUCTS_DIR; };
		090220F71F9EE50200FFDFC6 /* HVTableViewDemoUITests.m */ = {isa = PBXFileReference; lastKnownFileType = sourcecode.c.objc; path = HVTableViewDemoUITests.m; sourceTree = "<group>"; };
		090220F91F9EE50200FFDFC6 /* Info.plist */ = {isa = PBXFileReference; lastKnownFileType = text.plist.xml; path = Info.plist; sourceTree = "<group>"; };
		090221061F9EE75E00FFDFC6 /* TWHVTableView.h */ = {isa = PBXFileReference; lastKnownFileType = sourcecode.c.h; path = TWHVTableView.h; sourceTree = "<group>"; };
		090221071F9EE75E00FFDFC6 /* TWHVTableView.m */ = {isa = PBXFileReference; lastKnownFileType = sourcecode.c.objc; path = TWHVTableView.m; sourceTree = "<group>"; };
		090221431F9F420B00FFDFC6 /* TWLeftHeadView.xib */ = {isa = PBXFileReference; lastKnownFileType = file.xib; path = TWLeftHeadView.xib; sourceTree = "<group>"; };
		090221451F9F42A400FFDFC6 /* TWRightHeadView.xib */ = {isa = PBXFileReference; lastKnownFileType = file.xib; path = TWRightHeadView.xib; sourceTree = "<group>"; };
		0902214A1F9F435500FFDFC6 /* TWLeftTableViewCell.h */ = {isa = PBXFileReference; lastKnownFileType = sourcecode.c.h; path = TWLeftTableViewCell.h; sourceTree = "<group>"; };
		0902214B1F9F435500FFDFC6 /* TWLeftTableViewCell.m */ = {isa = PBXFileReference; lastKnownFileType = sourcecode.c.objc; path = TWLeftTableViewCell.m; sourceTree = "<group>"; };
		0902214C1F9F435500FFDFC6 /* TWLeftTableViewCell.xib */ = {isa = PBXFileReference; lastKnownFileType = file.xib; path = TWLeftTableViewCell.xib; sourceTree = "<group>"; };
		0902214F1F9F43FD00FFDFC6 /* TWRightTableViewCell.h */ = {isa = PBXFileReference; lastKnownFileType = sourcecode.c.h; path = TWRightTableViewCell.h; sourceTree = "<group>"; };
		090221501F9F43FD00FFDFC6 /* TWRightTableViewCell.m */ = {isa = PBXFileReference; lastKnownFileType = sourcecode.c.objc; path = TWRightTableViewCell.m; sourceTree = "<group>"; };
		090221511F9F43FD00FFDFC6 /* TWRightTableViewCell.xib */ = {isa = PBXFileReference; lastKnownFileType = file.xib; path = TWRightTableViewCell.xib; sourceTree = "<group>"; };
/* End PBXFileReference section */

/* Begin PBXFrameworksBuildPhase section */
		090220CD1F9EE50200FFDFC6 /* Frameworks */ = {
			isa = PBXFrameworksBuildPhase;
			buildActionMask = 2147483647;
			files = (
			);
			runOnlyForDeploymentPostprocessing = 0;
		};
		090220E51F9EE50200FFDFC6 /* Frameworks */ = {
			isa = PBXFrameworksBuildPhase;
			buildActionMask = 2147483647;
			files = (
			);
			runOnlyForDeploymentPostprocessing = 0;
		};
		090220F01F9EE50200FFDFC6 /* Frameworks */ = {
			isa = PBXFrameworksBuildPhase;
			buildActionMask = 2147483647;
			files = (
			);
			runOnlyForDeploymentPostprocessing = 0;
		};
/* End PBXFrameworksBuildPhase section */

/* Begin PBXGroup section */
		090220C71F9EE50200FFDFC6 = {
			isa = PBXGroup;
			children = (
				090220D21F9EE50200FFDFC6 /* HVTableViewDemo */,
				090220EB1F9EE50200FFDFC6 /* HVTableViewDemoTests */,
				090220F61F9EE50200FFDFC6 /* HVTableViewDemoUITests */,
				090220D11F9EE50200FFDFC6 /* Products */,
			);
			sourceTree = "<group>";
		};
		090220D11F9EE50200FFDFC6 /* Products */ = {
			isa = PBXGroup;
			children = (
				090220D01F9EE50200FFDFC6 /* HVTableViewDemo.app */,
				090220E81F9EE50200FFDFC6 /* HVTableViewDemoTests.xctest */,
				090220F31F9EE50200FFDFC6 /* HVTableViewDemoUITests.xctest */,
			);
			name = Products;
			sourceTree = "<group>";
		};
		090220D21F9EE50200FFDFC6 /* HVTableViewDemo */ = {
			isa = PBXGroup;
			children = (
				090221421F9F41E300FFDFC6 /* TestView */,
				090221051F9EE71000FFDFC6 /* HVTableView */,
				090220D31F9EE50200FFDFC6 /* AppDelegate.h */,
				090220D41F9EE50200FFDFC6 /* AppDelegate.m */,
				090220D61F9EE50200FFDFC6 /* ViewController.h */,
				090220D71F9EE50200FFDFC6 /* ViewController.m */,
				090220D91F9EE50200FFDFC6 /* Main.storyboard */,
				090220DC1F9EE50200FFDFC6 /* Assets.xcassets */,
				090220DE1F9EE50200FFDFC6 /* LaunchScreen.storyboard */,
				090220E11F9EE50200FFDFC6 /* Info.plist */,
				090220E21F9EE50200FFDFC6 /* main.m */,
			);
			path = HVTableViewDemo;
			sourceTree = "<group>";
		};
		090220EB1F9EE50200FFDFC6 /* HVTableViewDemoTests */ = {
			isa = PBXGroup;
			children = (
				090220EC1F9EE50200FFDFC6 /* HVTableViewDemoTests.m */,
				090220EE1F9EE50200FFDFC6 /* Info.plist */,
			);
			path = HVTableViewDemoTests;
			sourceTree = "<group>";
		};
		090220F61F9EE50200FFDFC6 /* HVTableViewDemoUITests */ = {
			isa = PBXGroup;
			children = (
				090220F71F9EE50200FFDFC6 /* HVTableViewDemoUITests.m */,
				090220F91F9EE50200FFDFC6 /* Info.plist */,
			);
			path = HVTableViewDemoUITests;
			sourceTree = "<group>";
		};
		090221051F9EE71000FFDFC6 /* HVTableView */ = {
			isa = PBXGroup;
			children = (
				090221061F9EE75E00FFDFC6 /* TWHVTableView.h */,
				090221071F9EE75E00FFDFC6 /* TWHVTableView.m */,
			);
			path = HVTableView;
			sourceTree = "<group>";
		};
		090221421F9F41E300FFDFC6 /* TestView */ = {
			isa = PBXGroup;
			children = (
				090221431F9F420B00FFDFC6 /* TWLeftHeadView.xib */,
				090221451F9F42A400FFDFC6 /* TWRightHeadView.xib */,
				0902214A1F9F435500FFDFC6 /* TWLeftTableViewCell.h */,
				0902214B1F9F435500FFDFC6 /* TWLeftTableViewCell.m */,
				0902214C1F9F435500FFDFC6 /* TWLeftTableViewCell.xib */,
				0902214F1F9F43FD00FFDFC6 /* TWRightTableViewCell.h */,
				090221501F9F43FD00FFDFC6 /* TWRightTableViewCell.m */,
				090221511F9F43FD00FFDFC6 /* TWRightTableViewCell.xib */,
			);
			path = TestView;
			sourceTree = "<group>";
		};
/* End PBXGroup section */

/* Begin PBXNativeTarget section */
		090220CF1F9EE50200FFDFC6 /* HVTableViewDemo */ = {
			isa = PBXNativeTarget;
			buildConfigurationList = 090220FC1F9EE50200FFDFC6 /* Build configuration list for PBXNativeTarget "HVTableViewDemo" */;
			buildPhases = (
				090220CC1F9EE50200FFDFC6 /* Sources */,
				090220CD1F9EE50200FFDFC6 /* Frameworks */,
				090220CE1F9EE50200FFDFC6 /* Resources */,
			);
			buildRules = (
			);
			dependencies = (
			);
			name = HVTableViewDemo;
			productName = HVTableViewDemo;
			productReference = 090220D01F9EE50200FFDFC6 /* HVTableViewDemo.app */;
			productType = "com.apple.product-type.application";
		};
		090220E71F9EE50200FFDFC6 /* HVTableViewDemoTests */ = {
			isa = PBXNativeTarget;
			buildConfigurationList = 090220FF1F9EE50200FFDFC6 /* Build configuration list for PBXNativeTarget "HVTableViewDemoTests" */;
			buildPhases = (
				090220E41F9EE50200FFDFC6 /* Sources */,
				090220E51F9EE50200FFDFC6 /* Frameworks */,
				090220E61F9EE50200FFDFC6 /* Resources */,
			);
			buildRules = (
			);
			dependencies = (
				090220EA1F9EE50200FFDFC6 /* PBXTargetDependency */,
			);
			name = HVTableViewDemoTests;
			productName = HVTableViewDemoTests;
			productReference = 090220E81F9EE50200FFDFC6 /* HVTableViewDemoTests.xctest */;
			productType = "com.apple.product-type.bundle.unit-test";
		};
		090220F21F9EE50200FFDFC6 /* HVTableViewDemoUITests */ = {
			isa = PBXNativeTarget;
			buildConfigurationList = 090221021F9EE50200FFDFC6 /* Build configuration list for PBXNativeTarget "HVTableViewDemoUITests" */;
			buildPhases = (
				090220EF1F9EE50200FFDFC6 /* Sources */,
				090220F01F9EE50200FFDFC6 /* Frameworks */,
				090220F11F9EE50200FFDFC6 /* Resources */,
			);
			buildRules = (
			);
			dependencies = (
				090220F51F9EE50200FFDFC6 /* PBXTargetDependency */,
			);
			name = HVTableViewDemoUITests;
			productName = HVTableViewDemoUITests;
			productReference = 090220F31F9EE50200FFDFC6 /* HVTableViewDemoUITests.xctest */;
			productType = "com.apple.product-type.bundle.ui-testing";
		};
/* End PBXNativeTarget section */

/* Begin PBXProject section */
		090220C81F9EE50200FFDFC6 /* Project object */ = {
			isa = PBXProject;
			attributes = {
				CLASSPREFIX = TW;
				LastUpgradeCheck = 0900;
				ORGANIZATIONNAME = tw;
				TargetAttributes = {
					090220CF1F9EE50200FFDFC6 = {
						CreatedOnToolsVersion = 9.0;
						ProvisioningStyle = Automatic;
					};
					090220E71F9EE50200FFDFC6 = {
						CreatedOnToolsVersion = 9.0;
						ProvisioningStyle = Automatic;
						TestTargetID = 090220CF1F9EE50200FFDFC6;
					};
					090220F21F9EE50200FFDFC6 = {
						CreatedOnToolsVersion = 9.0;
						ProvisioningStyle = Automatic;
						TestTargetID = 090220CF1F9EE50200FFDFC6;
					};
				};
			};
			buildConfigurationList = 090220CB1F9EE50200FFDFC6 /* Build configuration list for PBXProject "HVTableViewDemo" */;
			compatibilityVersion = "Xcode 8.0";
			developmentRegion = en;
			hasScannedForEncodings = 0;
			knownRegions = (
				en,
				Base,
			);
			mainGroup = 090220C71F9EE50200FFDFC6;
			productRefGroup = 090220D11F9EE50200FFDFC6 /* Products */;
			projectDirPath = "";
			projectRoot = "";
			targets = (
				090220CF1F9EE50200FFDFC6 /* HVTableViewDemo */,
				090220E71F9EE50200FFDFC6 /* HVTableViewDemoTests */,
				090220F21F9EE50200FFDFC6 /* HVTableViewDemoUITests */,
			);
		};
/* End PBXProject section */

/* Begin PBXResourcesBuildPhase section */
		090220CE1F9EE50200FFDFC6 /* Resources */ = {
			isa = PBXResourcesBuildPhase;
			buildActionMask = 2147483647;
			files = (
				090220E01F9EE50200FFDFC6 /* LaunchScreen.storyboard in Resources */,
				090220DD1F9EE50200FFDFC6 /* Assets.xcassets in Resources */,
				090221531F9F43FD00FFDFC6 /* TWRightTableViewCell.xib in Resources */,
				090221441F9F420B00FFDFC6 /* TWLeftHeadView.xib in Resources */,
				090220DB1F9EE50200FFDFC6 /* Main.storyboard in Resources */,
				090221461F9F42A400FFDFC6 /* TWRightHeadView.xib in Resources */,
				0902214E1F9F435500FFDFC6 /* TWLeftTableViewCell.xib in Resources */,
			);
			runOnlyForDeploymentPostprocessing = 0;
		};
		090220E61F9EE50200FFDFC6 /* Resources */ = {
			isa = PBXResourcesBuildPhase;
			buildActionMask = 2147483647;
			files = (
			);
			runOnlyForDeploymentPostprocessing = 0;
		};
		090220F11F9EE50200FFDFC6 /* Resources */ = {
			isa = PBXResourcesBuildPhase;
			buildActionMask = 2147483647;
			files = (
			);
			runOnlyForDeploymentPostprocessing = 0;
		};
/* End PBXResourcesBuildPhase section */

/* Begin PBXSourcesBuildPhase section */
		090220CC1F9EE50200FFDFC6 /* Sources */ = {
			isa = PBXSourcesBuildPhase;
			buildActionMask = 2147483647;
			files = (
				090220D81F9EE50200FFDFC6 /* ViewController.m in Sources */,
				090221521F9F43FD00FFDFC6 /* TWRightTableViewCell.m in Sources */,
				090220E31F9EE50200FFDFC6 /* main.m in Sources */,
				090221081F9EE75E00FFDFC6 /* TWHVTableView.m in Sources */,
				0902214D1F9F435500FFDFC6 /* TWLeftTableViewCell.m in Sources */,
				090220D51F9EE50200FFDFC6 /* AppDelegate.m in Sources */,
			);
			runOnlyForDeploymentPostprocessing = 0;
		};
		090220E41F9EE50200FFDFC6 /* Sources */ = {
			isa = PBXSourcesBuildPhase;
			buildActionMask = 2147483647;
			files = (
				090220ED1F9EE50200FFDFC6 /* HVTableViewDemoTests.m in Sources */,
			);
			runOnlyForDeploymentPostprocessing = 0;
		};
		090220EF1F9EE50200FFDFC6 /* Sources */ = {
			isa = PBXSourcesBuildPhase;
			buildActionMask = 2147483647;
			files = (
				090220F81F9EE50200FFDFC6 /* HVTableViewDemoUITests.m in Sources */,
			);
			runOnlyForDeploymentPostprocessing = 0;
		};
/* End PBXSourcesBuildPhase section */

/* Begin PBXTargetDependency section */
		090220EA1F9EE50200FFDFC6 /* PBXTargetDependency */ = {
			isa = PBXTargetDependency;
			target = 090220CF1F9EE50200FFDFC6 /* HVTableViewDemo */;
			targetProxy = 090220E91F9EE50200FFDFC6 /* PBXContainerItemProxy */;
		};
		090220F51F9EE50200FFDFC6 /* PBXTargetDependency */ = {
			isa = PBXTargetDependency;
			target = 090220CF1F9EE50200FFDFC6 /* HVTableViewDemo */;
			targetProxy = 090220F41F9EE50200FFDFC6 /* PBXContainerItemProxy */;
		};
/* End PBXTargetDependency section */

/* Begin PBXVariantGroup section */
		090220D91F9EE50200FFDFC6 /* Main.storyboard */ = {
			isa = PBXVariantGroup;
			children = (
				090220DA1F9EE50200FFDFC6 /* Base */,
			);
			name = Main.storyboard;
			sourceTree = "<group>";
		};
		090220DE1F9EE50200FFDFC6 /* LaunchScreen.storyboard */ = {
			isa = PBXVariantGroup;
			children = (
				090220DF1F9EE50200FFDFC6 /* Base */,
			);
			name = LaunchScreen.storyboard;
			sourceTree = "<group>";
		};
/* End PBXVariantGroup section */

/* Begin XCBuildConfiguration section */
		090220FA1F9EE50200FFDFC6 /* Debug */ = {
			isa = XCBuildConfiguration;
			buildSettings = {
				ALWAYS_SEARCH_USER_PATHS = NO;
				CLANG_ANALYZER_NONNULL = YES;
				CLANG_ANALYZER_NUMBER_OBJECT_CONVERSION = YES_AGGRESSIVE;
				CLANG_CXX_LANGUAGE_STANDARD = "gnu++14";
				CLANG_CXX_LIBRARY = "libc++";
				CLANG_ENABLE_MODULES = YES;
				CLANG_ENABLE_OBJC_ARC = YES;
				CLANG_WARN_BLOCK_CAPTURE_AUTORELEASING = YES;
				CLANG_WARN_BOOL_CONVERSION = YES;
				CLANG_WARN_COMMA = YES;
				CLANG_WARN_CONSTANT_CONVERSION = YES;
				CLANG_WARN_DIRECT_OBJC_ISA_USAGE = YES_ERROR;
				CLANG_WARN_DOCUMENTATION_COMMENTS = YES;
				CLANG_WARN_EMPTY_BODY = YES;
				CLANG_WARN_ENUM_CONVERSION = YES;
				CLANG_WARN_INFINITE_RECURSION = YES;
				CLANG_WARN_INT_CONVERSION = YES;
				CLANG_WARN_NON_LITERAL_NULL_CONVERSION = YES;
				CLANG_WARN_OBJC_LITERAL_CONVERSION = YES;
				CLANG_WARN_OBJC_ROOT_CLASS = YES_ERROR;
				CLANG_WARN_RANGE_LOOP_ANALYSIS = YES;
				CLANG_WARN_STRICT_PROTOTYPES = YES;
				CLANG_WARN_SUSPICIOUS_MOVE = YES;
				CLANG_WARN_UNGUARDED_AVAILABILITY = YES_AGGRESSIVE;
				CLANG_WARN_UNREACHABLE_CODE = YES;
				CLANG_WARN__DUPLICATE_METHOD_MATCH = YES;
				CODE_SIGN_IDENTITY = "iPhone Developer";
				COPY_PHASE_STRIP = NO;
				DEBUG_INFORMATION_FORMAT = dwarf;
				ENABLE_STRICT_OBJC_MSGSEND = YES;
				ENABLE_TESTABILITY = YES;
				GCC_C_LANGUAGE_STANDARD = gnu11;
				GCC_DYNAMIC_NO_PIC = NO;
				GCC_NO_COMMON_BLOCKS = YES;
				GCC_OPTIMIZATION_LEVEL = 0;
				GCC_PREPROCESSOR_DEFINITIONS = (
					"DEBUG=1",
					"$(inherited)",
				);
				GCC_WARN_64_TO_32_BIT_CONVERSION = YES;
				GCC_WARN_ABOUT_RETURN_TYPE = YES_ERROR;
				GCC_WARN_UNDECLARED_SELECTOR = YES;
				GCC_WARN_UNINITIALIZED_AUTOS = YES_AGGRESSIVE;
				GCC_WARN_UNUSED_FUNCTION = YES;
				GCC_WARN_UNUSED_VARIABLE = YES;
				IPHONEOS_DEPLOYMENT_TARGET = 11.0;
				MTL_ENABLE_DEBUG_INFO = YES;
				ONLY_ACTIVE_ARCH = YES;
				SDKROOT = iphoneos;
			};
			name = Debug;
		};
		090220FB1F9EE50200FFDFC6 /* Release */ = {
			isa = XCBuildConfiguration;
			buildSettings = {
				ALWAYS_SEARCH_USER_PATHS = NO;
				CLANG_ANALYZER_NONNULL = YES;
				CLANG_ANALYZER_NUMBER_OBJECT_CONVERSION = YES_AGGRESSIVE;
				CLANG_CXX_LANGUAGE_STANDARD = "gnu++14";
				CLANG_CXX_LIBRARY = "libc++";
				CLANG_ENABLE_MODULES = YES;
				CLANG_ENABLE_OBJC_ARC = YES;
				CLANG_WARN_BLOCK_CAPTURE_AUTORELEASING = YES;
				CLANG_WARN_BOOL_CONVERSION = YES;
				CLANG_WARN_COMMA = YES;
				CLANG_WARN_CONSTANT_CONVERSION = YES;
				CLANG_WARN_DIRECT_OBJC_ISA_USAGE = YES_ERROR;
				CLANG_WARN_DOCUMENTATION_COMMENTS = YES;
				CLANG_WARN_EMPTY_BODY = YES;
				CLANG_WARN_ENUM_CONVERSION = YES;
				CLANG_WARN_INFINITE_RECURSION = YES;
				CLANG_WARN_INT_CONVERSION = YES;
				CLANG_WARN_NON_LITERAL_NULL_CONVERSION = YES;
				CLANG_WARN_OBJC_LITERAL_CONVERSION = YES;
				CLANG_WARN_OBJC_ROOT_CLASS = YES_ERROR;
				CLANG_WARN_RANGE_LOOP_ANALYSIS = YES;
				CLANG_WARN_STRICT_PROTOTYPES = YES;
				CLANG_WARN_SUSPICIOUS_MOVE = YES;
				CLANG_WARN_UNGUARDED_AVAILABILITY = YES_AGGRESSIVE;
				CLANG_WARN_UNREACHABLE_CODE = YES;
				CLANG_WARN__DUPLICATE_METHOD_MATCH = YES;
				CODE_SIGN_IDENTITY = "iPhone Developer";
				COPY_PHASE_STRIP = NO;
				DEBUG_INFORMATION_FORMAT = "dwarf-with-dsym";
				ENABLE_NS_ASSERTIONS = NO;
				ENABLE_STRICT_OBJC_MSGSEND = YES;
				GCC_C_LANGUAGE_STANDARD = gnu11;
				GCC_NO_COMMON_BLOCKS = YES;
				GCC_WARN_64_TO_32_BIT_CONVERSION = YES;
				GCC_WARN_ABOUT_RETURN_TYPE = YES_ERROR;
				GCC_WARN_UNDECLARED_SELECTOR = YES;
				GCC_WARN_UNINITIALIZED_AUTOS = YES_AGGRESSIVE;
				GCC_WARN_UNUSED_FUNCTION = YES;
				GCC_WARN_UNUSED_VARIABLE = YES;
				IPHONEOS_DEPLOYMENT_TARGET = 11.0;
				MTL_ENABLE_DEBUG_INFO = NO;
				SDKROOT = iphoneos;
				VALIDATE_PRODUCT = YES;
			};
			name = Release;
		};
		090220FD1F9EE50200FFDFC6 /* Debug */ = {
			isa = XCBuildConfiguration;
			buildSettings = {
				ASSETCATALOG_COMPILER_APPICON_NAME = AppIcon;
				CODE_SIGN_STYLE = Automatic;
				INFOPLIST_FILE = HVTableViewDemo/Info.plist;
				IPHONEOS_DEPLOYMENT_TARGET = 8.0;
				LD_RUNPATH_SEARCH_PATHS = "$(inherited) @executable_path/Frameworks";
				PRODUCT_BUNDLE_IDENTIFIER = com.tw.HVTableViewDemo;
				PRODUCT_NAME = "$(TARGET_NAME)";
				TARGETED_DEVICE_FAMILY = 1;
			};
			name = Debug;
		};
		090220FE1F9EE50200FFDFC6 /* Release */ = {
			isa = XCBuildConfiguration;
			buildSettings = {
				ASSETCATALOG_COMPILER_APPICON_NAME = AppIcon;
				CODE_SIGN_STYLE = Automatic;
				INFOPLIST_FILE = HVTableViewDemo/Info.plist;
				IPHONEOS_DEPLOYMENT_TARGET = 8.0;
				LD_RUNPATH_SEARCH_PATHS = "$(inherited) @executable_path/Frameworks";
				PRODUCT_BUNDLE_IDENTIFIER = com.tw.HVTableViewDemo;
				PRODUCT_NAME = "$(TARGET_NAME)";
				TARGETED_DEVICE_FAMILY = 1;
			};
			name = Release;
		};
		090221001F9EE50200FFDFC6 /* Debug */ = {
			isa = XCBuildConfiguration;
			buildSettings = {
				BUNDLE_LOADER = "$(TEST_HOST)";
				CODE_SIGN_STYLE = Automatic;
				INFOPLIST_FILE = HVTableViewDemoTests/Info.plist;
				LD_RUNPATH_SEARCH_PATHS = "$(inherited) @executable_path/Frameworks @loader_path/Frameworks";
				PRODUCT_BUNDLE_IDENTIFIER = com.tw.HVTableViewDemoTests;
				PRODUCT_NAME = "$(TARGET_NAME)";
				TARGETED_DEVICE_FAMILY = "1,2";
				TEST_HOST = "$(BUILT_PRODUCTS_DIR)/HVTableViewDemo.app/HVTableViewDemo";
			};
			name = Debug;
		};
		090221011F9EE50200FFDFC6 /* Release */ = {
			isa = XCBuildConfiguration;
			buildSettings = {
				BUNDLE_LOADER = "$(TEST_HOST)";
				CODE_SIGN_STYLE = Automatic;
				INFOPLIST_FILE = HVTableViewDemoTests/Info.plist;
				LD_RUNPATH_SEARCH_PATHS = "$(inherited) @executable_path/Frameworks @loader_path/Frameworks";
				PRODUCT_BUNDLE_IDENTIFIER = com.tw.HVTableViewDemoTests;
				PRODUCT_NAME = "$(TARGET_NAME)";
				TARGETED_DEVICE_FAMILY = "1,2";
				TEST_HOST = "$(BUILT_PRODUCTS_DIR)/HVTableViewDemo.app/HVTableViewDemo";
			};
			name = Release;
		};
		090221031F9EE50200FFDFC6 /* Debug */ = {
			isa = XCBuildConfiguration;
			buildSettings = {
				CODE_SIGN_STYLE = Automatic;
				INFOPLIST_FILE = HVTableViewDemoUITests/Info.plist;
				LD_RUNPATH_SEARCH_PATHS = "$(inherited) @executable_path/Frameworks @loader_path/Frameworks";
				PRODUCT_BUNDLE_IDENTIFIER = com.tw.HVTableViewDemoUITests;
				PRODUCT_NAME = "$(TARGET_NAME)";
				TARGETED_DEVICE_FAMILY = "1,2";
				TEST_TARGET_NAME = HVTableViewDemo;
			};
			name = Debug;
		};
		090221041F9EE50200FFDFC6 /* Release */ = {
			isa = XCBuildConfiguration;
			buildSettings = {
				CODE_SIGN_STYLE = Automatic;
				INFOPLIST_FILE = HVTableViewDemoUITests/Info.plist;
				LD_RUNPATH_SEARCH_PATHS = "$(inherited) @executable_path/Frameworks @loader_path/Frameworks";
				PRODUCT_BUNDLE_IDENTIFIER = com.tw.HVTableViewDemoUITests;
				PRODUCT_NAME = "$(TARGET_NAME)";
				TARGETED_DEVICE_FAMILY = "1,2";
				TEST_TARGET_NAME = HVTableViewDemo;
			};
			name = Release;
		};
/* End XCBuildConfiguration section */

/* Begin XCConfigurationList section */
		090220CB1F9EE50200FFDFC6 /* Build configuration list for PBXProject "HVTableViewDemo" */ = {
			isa = XCConfigurationList;
			buildConfigurations = (
				090220FA1F9EE50200FFDFC6 /* Debug */,
				090220FB1F9EE50200FFDFC6 /* Release */,
			);
			defaultConfigurationIsVisible = 0;
			defaultConfigurationName = Release;
		};
		090220FC1F9EE50200FFDFC6 /* Build configuration list for PBXNativeTarget "HVTableViewDemo" */ = {
			isa = XCConfigurationList;
			buildConfigurations = (
				090220FD1F9EE50200FFDFC6 /* Debug */,
				090220FE1F9EE50200FFDFC6 /* Release */,
			);
			defaultConfigurationIsVisible = 0;
			defaultConfigurationName = Release;
		};
		090220FF1F9EE50200FFDFC6 /* Build configuration list for PBXNativeTarget "HVTableViewDemoTests" */ = {
			isa = XCConfigurationList;
			buildConfigurations = (
				090221001F9EE50200FFDFC6 /* Debug */,
				090221011F9EE50200FFDFC6 /* Release */,
			);
			defaultConfigurationIsVisible = 0;
			defaultConfigurationName = Release;
		};
		090221021F9EE50200FFDFC6 /* Build configuration list for PBXNativeTarget "HVTableViewDemoUITests" */ = {
			isa = XCConfigurationList;
			buildConfigurations = (
				090221031F9EE50200FFDFC6 /* Debug */,
				090221041F9EE50200FFDFC6 /* Release */,
			);
			defaultConfigurationIsVisible = 0;
			defaultConfigurationName = Release;
		};
/* End XCConfigurationList section */
	};
	rootObject = 090220C81F9EE50200FFDFC6 /* Project object */;
}
